
Microsoft Visual Studio Solution File, Format Version 12.00
# Visual Studio 14
VisualStudioVersion = 14.0.25420.1
MinimumVisualStudioVersion = 10.0.40219.1
Project("{FAE04EC0-301F-11D3-BF4B-00C04F79EFBC}") = "PSP_PBP_Tools", "PSP_PBP_Tools\PSP_PBP_Tools.csproj", "{4C8C9F8F-4E79-426A-8A1F-A4C9BBF3EBBF}"
EndProject
Project("{FAE04EC0-301F-11D3-BF4B-00C04F79EFBC}") = "PSP_Tools", "PSP_Tools\PSP_Tools.csproj", "{C1E2A948-8045-4EFB-9BAC-3EC8008D7570}"
EndProject
Global
	GlobalSection(SolutionConfigurationPlatforms) = preSolution
		Debug|Any CPU = Debug|Any CPU
		Release|Any CPU = Release|Any CPU
	EndGlobalSection
	GlobalSection(ProjectConfigurationPlatforms) = postSolution
		{4C8C9F8F-4E79-426A-8A1F-A4C9BBF3EBBF}.Debug|Any CPU.ActiveCfg = Debug|Any CPU
		{4C8C9F8F-4E79-426A-8A1F-A4C9BBF3EBBF}.Debug|Any CPU.Build.0 = Debug|Any CPU
		{4C8C9F8F-4E79-426A-8A1F-A4C9BBF3EBBF}.Release|Any CPU.ActiveCfg = Release|Any CPU
		{4C8C9F8F-4E79-426A-8A1F-A4C9BBF3EBBF}.Release|Any CPU.Build.0 = Release|Any CPU
		{C1E2A948-8045-4EFB-9BAC-3EC8008D7570}.Debug|Any CPU.ActiveCfg = Debug|Any CPU
		{C1E2A948-8045-4EFB-9BAC-3EC8008D7570}.Debug|Any CPU.Build.0 = Debug|Any CPU
		{C1E2A948-8045-4EFB-9BAC-3EC8008D7570}.Release|Any CPU.ActiveCfg = Release|Any CPU
		{C1E2A948-8045-4EFB-9BAC-3EC8008D7570}.Release|Any CPU.Build.0 = Release|Any CPU
	EndGlobalSection
	GlobalSection(SolutionProperties) = preSolution
		HideSolutionNode = FALSE
	EndGlobalSection
EndGlobal
